# THIS IS AN AUTOGENERATED FILE. DO NOT EDIT THIS FILE DIRECTLY.
# yarn lockfile v1


mmenu-light@^1.0.7:
  version "1.0.7"
  resolved "https://registry.yarnpkg.com/mmenu-light/-/mmenu-light-1.0.7.tgz#57ca76b0cbed5ef5f7f644146f9ff235d384ca75"
  integrity sha512-I2EwO+eaMiIblyR8q9vqgpMs0Izvf8Y0NYRqo6oVEb5OSFBhUS7meTgn0prIJBvtyqxnNV0iCzGG/OHc9RWHJA==
